// !$*UTF8*$!
{
	archiveVersion = 1;
	classes = {
	};
	objectVersion = 45;
	objects = {

/* Begin PBXBuildFile section */
		89D3CD32142EEB2200A08AED /* InfoPlist.strings in Resources */ = {isa = PBXBuildFile; fileRef = 89D3CD29142EEB2200A08AED /* InfoPlist.strings */; };
		89D3CD33142EEB2200A08AED /* GenericApp.icns in Resources */ = {isa = PBXBuildFile; fileRef = 89D3CD2B142EEB2200A08AED /* GenericApp.icns */; };
		89D3CD35142EEB2200A08AED /* JVMArgs.m in Sources */ = {isa = PBXBuildFile; fileRef = 89D3CD30142EEB2200A08AED /* JVMArgs.m */; };
		89D3CD36142EEB2200A08AED /* main.m in Sources */ = {isa = PBXBuildFile; fileRef = 89D3CD31142EEB2200A08AED /* main.m */; };
		89D3D365143041F000A08AED /* JavaAppLauncher.m in Sources */ = {isa = PBXBuildFile; fileRef = 89D3D364143041F000A08AED /* JavaAppLauncher.m */; };
		8D11072F0486CEB800E47090 /* Cocoa.framework in Frameworks */ = {isa = PBXBuildFile; fileRef = 1058C7A1FEA54F0111CA2CBB /* Cocoa.framework */; };
		F2153B911FF56444006B8026 /* jre1.8.0.jre in Copy PlugIns */ = {isa = PBXBuildFile; fileRef = F2153B901FF56444006B8026 /* jre1.8.0.jre */; };
		F2153BA31FF56605006B8026 /* jdk1.8.0.jdk in Copy PlugIns */ = {isa = PBXBuildFile; fileRef = F2153BA21FF56605006B8026 /* jdk1.8.0.jdk */; };
/* End PBXBuildFile section */

/* Begin PBXCopyFilesBuildPhase section */
		2C48F06614350F0F00F2AEFD /* Copy PlugIns */ = {
			isa = PBXCopyFilesBuildPhase;
			buildActionMask = 12;
			dstPath = "";
			dstSubfolderSpec = 13;
			files = (
				F2153BA31FF56605006B8026 /* jdk1.8.0.jdk in Copy PlugIns */,
				F2153B911FF56444006B8026 /* jre1.8.0.jre in Copy PlugIns */,
			);
			name = "Copy PlugIns";
			runOnlyForDeploymentPostprocessing = 0;
		};
/* End PBXCopyFilesBuildPhase section */

/* Begin PBXFileReference section */
		1058C7A1FEA54F0111CA2CBB /* Cocoa.framework */ = {isa = PBXFileReference; lastKnownFileType = wrapper.framework; name = Cocoa.framework; path = /System/Library/Frameworks/Cocoa.framework; sourceTree = "<absolute>"; };
		89D3CD2A142EEB2200A08AED /* English */ = {isa = PBXFileReference; fileEncoding = 4; lastKnownFileType = text.plist.strings; name = English; path = English.lproj/InfoPlist.strings; sourceTree = "<group>"; };
		89D3CD2B142EEB2200A08AED /* GenericApp.icns */ = {isa = PBXFileReference; lastKnownFileType = image.icns; name = GenericApp.icns; path = /System/Library/Frameworks/JavaVM.framework/Versions/A/Resources/GenericApp.icns; sourceTree = "<absolute>"; };
		89D3CD2C142EEB2200A08AED /* JavaAppLauncher-Info.plist */ = {isa = PBXFileReference; fileEncoding = 4; lastKnownFileType = text.plist.xml; path = "JavaAppLauncher-Info.plist"; sourceTree = "<group>"; };
		89D3CD2E142EEB2200A08AED /* JavaAppLauncher_Prefix.pch */ = {isa = PBXFileReference; fileEncoding = 4; lastKnownFileType = sourcecode.c.h; path = JavaAppLauncher_Prefix.pch; sourceTree = "<group>"; };
		89D3CD2F142EEB2200A08AED /* JVMArgs.h */ = {isa = PBXFileReference; fileEncoding = 4; lastKnownFileType = sourcecode.c.h; path = JVMArgs.h; sourceTree = "<group>"; };
		89D3CD30142EEB2200A08AED /* JVMArgs.m */ = {isa = PBXFileReference; fileEncoding = 4; lastKnownFileType = sourcecode.c.objc; path = JVMArgs.m; sourceTree = "<group>"; };
		89D3CD31142EEB2200A08AED /* main.m */ = {isa = PBXFileReference; fileEncoding = 4; lastKnownFileType = sourcecode.c.objc; path = main.m; sourceTree = "<group>"; };
		89D3D363143041F000A08AED /* JavaAppLauncher.h */ = {isa = PBXFileReference; fileEncoding = 4; lastKnownFileType = sourcecode.c.h; path = JavaAppLauncher.h; sourceTree = "<group>"; };
		89D3D364143041F000A08AED /* JavaAppLauncher.m */ = {isa = PBXFileReference; fileEncoding = 4; lastKnownFileType = sourcecode.c.objc; path = JavaAppLauncher.m; sourceTree = "<group>"; };
		8D1107320486CEB800E47090 /* JavaAppLauncher.app */ = {isa = PBXFileReference; explicitFileType = wrapper.application; includeInIndex = 0; path = JavaAppLauncher.app; sourceTree = BUILT_PRODUCTS_DIR; };
		F2153B901FF56444006B8026 /* jre1.8.0.jre */ = {isa = PBXFileReference; lastKnownFileType = folder; name = jre1.8.0.jre; path = "../../../../../build/macosx-x86_64-normal-server-release/images/j2re-bundle/jre1.8.0.jre"; sourceTree = "<group>"; };
		F2153BA21FF56605006B8026 /* jdk1.8.0.jdk */ = {isa = PBXFileReference; lastKnownFileType = folder; name = jdk1.8.0.jdk; path = "../../../../../build/macosx-x86_64-normal-server-release/images/j2sdk-bundle/jdk1.8.0.jdk"; sourceTree = "<group>"; };
		F2153BA71FF5672A006B8026 /* jni.h */ = {isa = PBXFileReference; fileEncoding = 4; lastKnownFileType = sourcecode.c.h; name = jni.h; path = "../../../../../../build/macosx-x86_64-normal-server-release/images/j2sdk-image/include/jni.h"; sourceTree = "<group>"; };
		F2153BA81FF56745006B8026 /* jawt_md.h */ = {isa = PBXFileReference; fileEncoding = 4; lastKnownFileType = sourcecode.c.h; name = jawt_md.h; path = "../../../../../../build/macosx-x86_64-normal-server-release/images/j2sdk-image/include/darwin/jawt_md.h"; sourceTree = "<group>"; };
		F2153BA91FF56746006B8026 /* jni_md.h */ = {isa = PBXFileReference; fileEncoding = 4; lastKnownFileType = sourcecode.c.h; name = jni_md.h; path = "../../../../../../build/macosx-x86_64-normal-server-release/images/j2sdk-image/include/darwin/jni_md.h"; sourceTree = "<group>"; };
/* End PBXFileReference section */

/* Begin PBXFrameworksBuildPhase section */
		8D11072E0486CEB800E47090 /* Frameworks */ = {
			isa = PBXFrameworksBuildPhase;
			buildActionMask = 2147483647;
			files = (
				8D11072F0486CEB800E47090 /* Cocoa.framework in Frameworks */,
			);
			runOnlyForDeploymentPostprocessing = 0;
		};
/* End PBXFrameworksBuildPhase section */

/* Begin PBXGroup section */
		1058C7A0FEA54F0111CA2CBB /* frameworks */ = {
			isa = PBXGroup;
			children = (
				1058C7A1FEA54F0111CA2CBB /* Cocoa.framework */,
			);
			name = frameworks;
			sourceTree = "<group>";
		};
		19C28FACFE9D520D11CA2CBB /* Products */ = {
			isa = PBXGroup;
			children = (
				8D1107320486CEB800E47090 /* JavaAppLauncher.app */,
			);
			name = Products;
			sourceTree = "<group>";
		};
		29B97314FDCFA39411CA2CEA /* JavaAppLauncher */ = {
			isa = PBXGroup;
			children = (
				89D3CD2D142EEB2200A08AED /* src */,
				89D3CD28142EEB2200A08AED /* resources */,
				29B97323FDCFA39411CA2CEA /* linking */,
				19C28FACFE9D520D11CA2CBB /* Products */,
			);
			name = JavaAppLauncher;
			sourceTree = "<group>";
		};
		29B97323FDCFA39411CA2CEA /* linking */ = {
			isa = PBXGroup;
			children = (
				F2153BA21FF56605006B8026 /* jdk1.8.0.jdk */,
				F2153B901FF56444006B8026 /* jre1.8.0.jre */,
				1058C7A0FEA54F0111CA2CBB /* frameworks */,
			);
			name = linking;
			sourceTree = "<group>";
		};
		89D3CD28142EEB2200A08AED /* resources */ = {
			isa = PBXGroup;
			children = (
				89D3CD29142EEB2200A08AED /* InfoPlist.strings */,
				89D3CD2B142EEB2200A08AED /* GenericApp.icns */,
				89D3CD2C142EEB2200A08AED /* JavaAppLauncher-Info.plist */,
			);
			path = resources;
			sourceTree = "<group>";
		};
		89D3CD2D142EEB2200A08AED /* src */ = {
			isa = PBXGroup;
			children = (
				F2153BA81FF56745006B8026 /* jawt_md.h */,
				F2153BA91FF56746006B8026 /* jni_md.h */,
				F2153BA71FF5672A006B8026 /* jni.h */,
				89D3CD31142EEB2200A08AED /* main.m */,
				89D3D363143041F000A08AED /* JavaAppLauncher.h */,
				89D3D364143041F000A08AED /* JavaAppLauncher.m */,
				89D3CD2F142EEB2200A08AED /* JVMArgs.h */,
				89D3CD30142EEB2200A08AED /* JVMArgs.m */,
				89D3CD2E142EEB2200A08AED /* JavaAppLauncher_Prefix.pch */,
			);
			path = src;
			sourceTree = "<group>";
		};
/* End PBXGroup section */

/* Begin PBXNativeTarget section */
		8D1107260486CEB800E47090 /* JavaAppLauncher */ = {
			isa = PBXNativeTarget;
			buildConfigurationList = C01FCF4A08A954540054247B /* Build configuration list for PBXNativeTarget "JavaAppLauncher" */;
			buildPhases = (
				8D1107290486CEB800E47090 /* Resources */,
				2C48F06614350F0F00F2AEFD /* Copy PlugIns */,
				8D11072C0486CEB800E47090 /* Sources */,
				8D11072E0486CEB800E47090 /* Frameworks */,
			);
			buildRules = (
			);
			dependencies = (
			);
			name = JavaAppLauncher;
			productInstallPath = "$(HOME)/Applications";
			productName = JavaAppLauncher;
			productReference = 8D1107320486CEB800E47090 /* JavaAppLauncher.app */;
			productType = "com.apple.product-type.application";
		};
/* End PBXNativeTarget section */

/* Begin PBXProject section */
		29B97313FDCFA39411CA2CEA /* Project object */ = {
			isa = PBXProject;
			attributes = {
			};
			buildConfigurationList = C01FCF4E08A954540054247B /* Build configuration list for PBXProject "JavaAppLauncher" */;
			compatibilityVersion = "Xcode 3.1";
			developmentRegion = English;
			hasScannedForEncodings = 1;
			knownRegions = (
				en,
				English,
			);
			mainGroup = 29B97314FDCFA39411CA2CEA /* JavaAppLauncher */;
			projectDirPath = "";
			projectRoot = "";
			targets = (
				8D1107260486CEB800E47090 /* JavaAppLauncher */,
			);
		};
/* End PBXProject section */

/* Begin PBXResourcesBuildPhase section */
		8D1107290486CEB800E47090 /* Resources */ = {
			isa = PBXResourcesBuildPhase;
			buildActionMask = 2147483647;
			files = (
				89D3CD32142EEB2200A08AED /* InfoPlist.strings in Resources */,
				89D3CD33142EEB2200A08AED /* GenericApp.icns in Resources */,
			);
			runOnlyForDeploymentPostprocessing = 0;
		};
/* End PBXResourcesBuildPhase section */

/* Begin PBXSourcesBuildPhase section */
		8D11072C0486CEB800E47090 /* Sources */ = {
			isa = PBXSourcesBuildPhase;
			buildActionMask = 2147483647;
			files = (
				89D3CD35142EEB2200A08AED /* JVMArgs.m in Sources */,
				89D3CD36142EEB2200A08AED /* main.m in Sources */,
				89D3D365143041F000A08AED /* JavaAppLauncher.m in Sources */,
			);
			runOnlyForDeploymentPostprocessing = 0;
		};
/* End PBXSourcesBuildPhase section */

/* Begin PBXVariantGroup section */
		89D3CD29142EEB2200A08AED /* InfoPlist.strings */ = {
			isa = PBXVariantGroup;
			children = (
				89D3CD2A142EEB2200A08AED /* English */,
			);
			name = InfoPlist.strings;
			sourceTree = "<group>";
		};
/* End PBXVariantGroup section */

/* Begin XCBuildConfiguration section */
		C01FCF4B08A954540054247B /* Debug */ = {
			isa = XCBuildConfiguration;
			buildSettings = {
				ALWAYS_SEARCH_USER_PATHS = NO;
				COPY_PHASE_STRIP = NO;
				GCC_DYNAMIC_NO_PIC = NO;
				GCC_ENABLE_FIX_AND_CONTINUE = YES;
				GCC_MODEL_TUNING = G5;
				GCC_OPTIMIZATION_LEVEL = 0;
				GCC_PRECOMPILE_PREFIX_HEADER = YES;
				GCC_PREFIX_HEADER = src/JavaAppLauncher_Prefix.pch;
				INFOPLIST_FILE = "resources/JavaAppLauncher-Info.plist";
				INSTALL_PATH = "$(HOME)/Applications";
				LIBRARY_SEARCH_PATHS = "$(inherited)";
				PRODUCT_NAME = JavaAppLauncher;
			};
			name = Debug;
		};
		C01FCF4C08A954540054247B /* Release */ = {
			isa = XCBuildConfiguration;
			buildSettings = {
				ALWAYS_SEARCH_USER_PATHS = NO;
				DEBUG_INFORMATION_FORMAT = "dwarf-with-dsym";
				GCC_MODEL_TUNING = G5;
				GCC_PRECOMPILE_PREFIX_HEADER = YES;
				GCC_PREFIX_HEADER = src/JavaAppLauncher_Prefix.pch;
				INFOPLIST_FILE = "resources/JavaAppLauncher-Info.plist";
				INSTALL_PATH = "$(HOME)/Applications";
				LIBRARY_SEARCH_PATHS = "$(inherited)";
				PRODUCT_NAME = JavaAppLauncher;
			};
			name = Release;
		};
		C01FCF4F08A954540054247B /* Debug */ = {
			isa = XCBuildConfiguration;
			buildSettings = {
				ARCHS = "$(ARCHS_STANDARD)";
				GCC_C_LANGUAGE_STANDARD = gnu99;
				GCC_OPTIMIZATION_LEVEL = 0;
				GCC_WARN_ABOUT_RETURN_TYPE = YES;
				GCC_WARN_UNUSED_VARIABLE = YES;
				ONLY_ACTIVE_ARCH = YES;
				PREBINDING = NO;
				SDKROOT = "";
				VALID_ARCHS = x86_64;
			};
			name = Debug;
		};
		C01FCF5008A954540054247B /* Release */ = {
			isa = XCBuildConfiguration;
			buildSettings = {
				ARCHS = "$(ARCHS_STANDARD)";
				GCC_C_LANGUAGE_STANDARD = gnu99;
				GCC_WARN_ABOUT_RETURN_TYPE = YES;
				GCC_WARN_UNUSED_VARIABLE = YES;
				PREBINDING = NO;
				SDKROOT = "";
				VALID_ARCHS = x86_64;
			};
			name = Release;
		};
/* End XCBuildConfiguration section */

/* Begin XCConfigurationList section */
		C01FCF4A08A954540054247B /* Build configuration list for PBXNativeTarget "JavaAppLauncher" */ = {
			isa = XCConfigurationList;
			buildConfigurations = (
				C01FCF4B08A954540054247B /* Debug */,
				C01FCF4C08A954540054247B /* Release */,
			);
			defaultConfigurationIsVisible = 0;
			defaultConfigurationName = Release;
		};
		C01FCF4E08A954540054247B /* Build configuration list for PBXProject "JavaAppLauncher" */ = {
			isa = XCConfigurationList;
			buildConfigurations = (
				C01FCF4F08A954540054247B /* Debug */,
				C01FCF5008A954540054247B /* Release */,
			);
			defaultConfigurationIsVisible = 0;
			defaultConfigurationName = Release;
		};
/* End XCConfigurationList section */
	};
	rootObject = 29B97313FDCFA39411CA2CEA /* Project object */;
}
